// !$*UTF8*$!
{
	archiveVersion = 1;
	classes = {
	};
	objectVersion = 55;
	objects = {

/* Begin PBXBuildFile section */
		B2024C42279B56100077081D /* ControlImageView.swift in Sources */ = {isa = PBXBuildFile; fileRef = B2024C41279B56100077081D /* ControlImageView.swift */; };
		B2024C44279BFEE80077081D /* PageModel.swift in Sources */ = {isa = PBXBuildFile; fileRef = B2024C43279BFEE80077081D /* PageModel.swift */; };
		B2024C47279BFF540077081D /* PageData.swift in Sources */ = {isa = PBXBuildFile; fileRef = B2024C46279BFF540077081D /* PageData.swift */; };
		B275DF00279A09FD00658D21 /* Pinch_AppApp.swift in Sources */ = {isa = PBXBuildFile; fileRef = B275DEFF279A09FD00658D21 /* Pinch_AppApp.swift */; };
		B275DF02279A09FD00658D21 /* ContentView.swift in Sources */ = {isa = PBXBuildFile; fileRef = B275DF01279A09FD00658D21 /* ContentView.swift */; };
		B275DF04279A0A0000658D21 /* Assets.xcassets in Resources */ = {isa = PBXBuildFile; fileRef = B275DF03279A0A0000658D21 /* Assets.xcassets */; };
		B275DF07279A0A0000658D21 /* Preview Assets.xcassets in Resources */ = {isa = PBXBuildFile; fileRef = B275DF06279A0A0000658D21 /* Preview Assets.xcassets */; };
		B275DF11279B05B300658D21 /* InfoPanelView.swift in Sources */ = {isa = PBXBuildFile; fileRef = B275DF10279B05B300658D21 /* InfoPanelView.swift */; };
/* End PBXBuildFile section */

/* Begin PBXFileReference section */
		B2024C41279B56100077081D /* ControlImageView.swift */ = {isa = PBXFileReference; lastKnownFileType = sourcecode.swift; path = ControlImageView.swift; sourceTree = "<group>"; };
		B2024C43279BFEE80077081D /* PageModel.swift */ = {isa = PBXFileReference; lastKnownFileType = sourcecode.swift; path = PageModel.swift; sourceTree = "<group>"; };
		B2024C46279BFF540077081D /* PageData.swift */ = {isa = PBXFileReference; lastKnownFileType = sourcecode.swift; path = PageData.swift; sourceTree = "<group>"; };
		B275DEFC279A09FD00658D21 /* Pinch App.app */ = {isa = PBXFileReference; explicitFileType = wrapper.application; includeInIndex = 0; path = "Pinch App.app"; sourceTree = BUILT_PRODUCTS_DIR; };
		B275DEFF279A09FD00658D21 /* Pinch_AppApp.swift */ = {isa = PBXFileReference; lastKnownFileType = sourcecode.swift; path = Pinch_AppApp.swift; sourceTree = "<group>"; };
		B275DF01279A09FD00658D21 /* ContentView.swift */ = {isa = PBXFileReference; lastKnownFileType = sourcecode.swift; path = ContentView.swift; sourceTree = "<group>"; };
		B275DF03279A0A0000658D21 /* Assets.xcassets */ = {isa = PBXFileReference; lastKnownFileType = folder.assetcatalog; path = Assets.xcassets; sourceTree = "<group>"; };
		B275DF06279A0A0000658D21 /* Preview Assets.xcassets */ = {isa = PBXFileReference; lastKnownFileType = folder.assetcatalog; path = "Preview Assets.xcassets"; sourceTree = "<group>"; };
		B275DF10279B05B300658D21 /* InfoPanelView.swift */ = {isa = PBXFileReference; lastKnownFileType = sourcecode.swift; path = InfoPanelView.swift; sourceTree = "<group>"; };
/* End PBXFileReference section */

/* Begin PBXFrameworksBuildPhase section */
		B275DEF9279A09FD00658D21 /* Frameworks */ = {
			isa = PBXFrameworksBuildPhase;
			buildActionMask = 2147483647;
			files = (
			);
			runOnlyForDeploymentPostprocessing = 0;
		};
/* End PBXFrameworksBuildPhase section */

/* Begin PBXGroup section */
		B2024C45279BFF420077081D /* Data */ = {
			isa = PBXGroup;
			children = (
				B2024C46279BFF540077081D /* PageData.swift */,
			);
			path = Data;
			sourceTree = "<group>";
		};
		B275DEF3279A09FD00658D21 = {
			isa = PBXGroup;
			children = (
				B275DEFE279A09FD00658D21 /* Pinch App */,
				B275DEFD279A09FD00658D21 /* Products */,
			);
			sourceTree = "<group>";
		};
		B275DEFD279A09FD00658D21 /* Products */ = {
			isa = PBXGroup;
			children = (
				B275DEFC279A09FD00658D21 /* Pinch App.app */,
			);
			name = Products;
			sourceTree = "<group>";
		};
		B275DEFE279A09FD00658D21 /* Pinch App */ = {
			isa = PBXGroup;
			children = (
				B2024C45279BFF420077081D /* Data */,
				B275DF0F279A0C5400658D21 /* Models */,
				B275DF0E279A0C4500658D21 /* Apps */,
				B275DF0D279A0C3D00658D21 /* Views */,
				B275DF03279A0A0000658D21 /* Assets.xcassets */,
				B275DF05279A0A0000658D21 /* Preview Content */,
			);
			path = "Pinch App";
			sourceTree = "<group>";
		};
		B275DF05279A0A0000658D21 /* Preview Content */ = {
			isa = PBXGroup;
			children = (
				B275DF06279A0A0000658D21 /* Preview Assets.xcassets */,
			);
			path = "Preview Content";
			sourceTree = "<group>";
		};
		B275DF0D279A0C3D00658D21 /* Views */ = {
			isa = PBXGroup;
			children = (
				B275DF10279B05B300658D21 /* InfoPanelView.swift */,
				B2024C41279B56100077081D /* ControlImageView.swift */,
			);
			path = Views;
			sourceTree = "<group>";
		};
		B275DF0E279A0C4500658D21 /* Apps */ = {
			isa = PBXGroup;
			children = (
				B275DEFF279A09FD00658D21 /* Pinch_AppApp.swift */,
				B275DF01279A09FD00658D21 /* ContentView.swift */,
			);
			path = Apps;
			sourceTree = "<group>";
		};
		B275DF0F279A0C5400658D21 /* Models */ = {
			isa = PBXGroup;
			children = (
				B2024C43279BFEE80077081D /* PageModel.swift */,
			);
			path = Models;
			sourceTree = "<group>";
		};
/* End PBXGroup section */

/* Begin PBXNativeTarget section */
		B275DEFB279A09FD00658D21 /* Pinch App */ = {
			isa = PBXNativeTarget;
			buildConfigurationList = B275DF0A279A0A0000658D21 /* Build configuration list for PBXNativeTarget "Pinch App" */;
			buildPhases = (
				B275DEF8279A09FD00658D21 /* Sources */,
				B275DEF9279A09FD00658D21 /* Frameworks */,
				B275DEFA279A09FD00658D21 /* Resources */,
			);
			buildRules = (
			);
			dependencies = (
			);
			name = "Pinch App";
			productName = "Pinch App";
			productReference = B275DEFC279A09FD00658D21 /* Pinch App.app */;
			productType = "com.apple.product-type.application";
		};
/* End PBXNativeTarget section */

/* Begin PBXProject section */
		B275DEF4279A09FD00658D21 /* Project object */ = {
			isa = PBXProject;
			attributes = {
				BuildIndependentTargetsInParallel = 1;
				LastSwiftUpdateCheck = 1320;
				LastUpgradeCheck = 1320;
				TargetAttributes = {
					B275DEFB279A09FD00658D21 = {
						CreatedOnToolsVersion = 13.2.1;
					};
				};
			};
			buildConfigurationList = B275DEF7279A09FD00658D21 /* Build configuration list for PBXProject "Pinch App" */;
			compatibilityVersion = "Xcode 13.0";
			developmentRegion = en;
			hasScannedForEncodings = 0;
			knownRegions = (
				en,
				Base,
			);
			mainGroup = B275DEF3279A09FD00658D21;
			productRefGroup = B275DEFD279A09FD00658D21 /* Products */;
			projectDirPath = "";
			projectRoot = "";
			targets = (
				B275DEFB279A09FD00658D21 /* Pinch App */,
			);
		};
/* End PBXProject section */

/* Begin PBXResourcesBuildPhase section */
		B275DEFA279A09FD00658D21 /* Resources */ = {
			isa = PBXResourcesBuildPhase;
			buildActionMask = 2147483647;
			files = (
				B275DF07279A0A0000658D21 /* Preview Assets.xcassets in Resources */,
				B275DF04279A0A0000658D21 /* Assets.xcassets in Resources */,
			);
			runOnlyForDeploymentPostprocessing = 0;
		};
/* End PBXResourcesBuildPhase section */

/* Begin PBXSourcesBuildPhase section */
		B275DEF8279A09FD00658D21 /* Sources */ = {
			isa = PBXSourcesBuildPhase;
			buildActionMask = 2147483647;
			files = (
				B2024C42279B56100077081D /* ControlImageView.swift in Sources */,
				B2024C44279BFEE80077081D /* PageModel.swift in Sources */,
				B275DF02279A09FD00658D21 /* ContentView.swift in Sources */,
				B275DF00279A09FD00658D21 /* Pinch_AppApp.swift in Sources */,
				B2024C47279BFF540077081D /* PageData.swift in Sources */,
				B275DF11279B05B300658D21 /* InfoPanelView.swift in Sources */,
			);
			runOnlyForDeploymentPostprocessing = 0;
		};
/* End PBXSourcesBuildPhase section */

/* Begin XCBuildConfiguration section */
		B275DF08279A0A0000658D21 /* Debug */ = {
			isa = XCBuildConfiguration;
			buildSettings = {
				ALWAYS_SEARCH_USER_PATHS = NO;
				CLANG_ANALYZER_NONNULL = YES;
				CLANG_ANALYZER_NUMBER_OBJECT_CONVERSION = YES_AGGRESSIVE;
				CLANG_CXX_LANGUAGE_STANDARD = "gnu++17";
				CLANG_CXX_LIBRARY = "libc++";
				CLANG_ENABLE_MODULES = YES;
				CLANG_ENABLE_OBJC_ARC = YES;
				CLANG_ENABLE_OBJC_WEAK = YES;
				CLANG_WARN_BLOCK_CAPTURE_AUTORELEASING = YES;
				CLANG_WARN_BOOL_CONVERSION = YES;
				CLANG_WARN_COMMA = YES;
				CLANG_WARN_CONSTANT_CONVERSION = YES;
				CLANG_WARN_DEPRECATED_OBJC_IMPLEMENTATIONS = YES;
				CLANG_WARN_DIRECT_OBJC_ISA_USAGE = YES_ERROR;
				CLANG_WARN_DOCUMENTATION_COMMENTS = YES;
				CLANG_WARN_EMPTY_BODY = YES;
				CLANG_WARN_ENUM_CONVERSION = YES;
				CLANG_WARN_INFINITE_RECURSION = YES;
				CLANG_WARN_INT_CONVERSION = YES;
				CLANG_WARN_NON_LITERAL_NULL_CONVERSION = YES;
				CLANG_WARN_OBJC_IMPLICIT_RETAIN_SELF = YES;
				CLANG_WARN_OBJC_LITERAL_CONVERSION = YES;
				CLANG_WARN_OBJC_ROOT_CLASS = YES_ERROR;
				CLANG_WARN_QUOTED_INCLUDE_IN_FRAMEWORK_HEADER = YES;
				CLANG_WARN_RANGE_LOOP_ANALYSIS = YES;
				CLANG_WARN_STRICT_PROTOTYPES = YES;
				CLANG_WARN_SUSPICIOUS_MOVE = YES;
				CLANG_WARN_UNGUARDED_AVAILABILITY = YES_AGGRESSIVE;
				CLANG_WARN_UNREACHABLE_CODE = YES;
				CLANG_WARN__DUPLICATE_METHOD_MATCH = YES;
				COPY_PHASE_STRIP = NO;
				DEBUG_INFORMATION_FORMAT = dwarf;
				ENABLE_STRICT_OBJC_MSGSEND = YES;
				ENABLE_TESTABILITY = YES;
				GCC_C_LANGUAGE_STANDARD = gnu11;
				GCC_DYNAMIC_NO_PIC = NO;
				GCC_NO_COMMON_BLOCKS = YES;
				GCC_OPTIMIZATION_LEVEL = 0;
				GCC_PREPROCESSOR_DEFINITIONS = (
					"DEBUG=1",
					"$(inherited)",
				);
				GCC_WARN_64_TO_32_BIT_CONVERSION = YES;
				GCC_WARN_ABOUT_RETURN_TYPE = YES_ERROR;
				GCC_WARN_UNDECLARED_SELECTOR = YES;
				GCC_WARN_UNINITIALIZED_AUTOS = YES_AGGRESSIVE;
				GCC_WARN_UNUSED_FUNCTION = YES;
				GCC_WARN_UNUSED_VARIABLE = YES;
				IPHONEOS_DEPLOYMENT_TARGET = 15.2;
				MTL_ENABLE_DEBUG_INFO = INCLUDE_SOURCE;
				MTL_FAST_MATH = YES;
				ONLY_ACTIVE_ARCH = YES;
				SDKROOT = iphoneos;
				SWIFT_ACTIVE_COMPILATION_CONDITIONS = DEBUG;
				SWIFT_OPTIMIZATION_LEVEL = "-Onone";
			};
			name = Debug;
		};
		B275DF09279A0A0000658D21 /* Release */ = {
			isa = XCBuildConfiguration;
			buildSettings = {
				ALWAYS_SEARCH_USER_PATHS = NO;
				CLANG_ANALYZER_NONNULL = YES;
				CLANG_ANALYZER_NUMBER_OBJECT_CONVERSION = YES_AGGRESSIVE;
				CLANG_CXX_LANGUAGE_STANDARD = "gnu++17";
				CLANG_CXX_LIBRARY = "libc++";
				CLANG_ENABLE_MODULES = YES;
				CLANG_ENABLE_OBJC_ARC = YES;
				CLANG_ENABLE_OBJC_WEAK = YES;
				CLANG_WARN_BLOCK_CAPTURE_AUTORELEASING = YES;
				CLANG_WARN_BOOL_CONVERSION = YES;
				CLANG_WARN_COMMA = YES;
				CLANG_WARN_CONSTANT_CONVERSION = YES;
				CLANG_WARN_DEPRECATED_OBJC_IMPLEMENTATIONS = YES;
				CLANG_WARN_DIRECT_OBJC_ISA_USAGE = YES_ERROR;
				CLANG_WARN_DOCUMENTATION_COMMENTS = YES;
				CLANG_WARN_EMPTY_BODY = YES;
				CLANG_WARN_ENUM_CONVERSION = YES;
				CLANG_WARN_INFINITE_RECURSION = YES;
				CLANG_WARN_INT_CONVERSION = YES;
				CLANG_WARN_NON_LITERAL_NULL_CONVERSION = YES;
				CLANG_WARN_OBJC_IMPLICIT_RETAIN_SELF = YES;
				CLANG_WARN_OBJC_LITERAL_CONVERSION = YES;
				CLANG_WARN_OBJC_ROOT_CLASS = YES_ERROR;
				CLANG_WARN_QUOTED_INCLUDE_IN_FRAMEWORK_HEADER = YES;
				CLANG_WARN_RANGE_LOOP_ANALYSIS = YES;
				CLANG_WARN_STRICT_PROTOTYPES = YES;
				CLANG_WARN_SUSPICIOUS_MOVE = YES;
				CLANG_WARN_UNGUARDED_AVAILABILITY = YES_AGGRESSIVE;
				CLANG_WARN_UNREACHABLE_CODE = YES;
				CLANG_WARN__DUPLICATE_METHOD_MATCH = YES;
				COPY_PHASE_STRIP = NO;
				DEBUG_INFORMATION_FORMAT = "dwarf-with-dsym";
				ENABLE_NS_ASSERTIONS = NO;
				ENABLE_STRICT_OBJC_MSGSEND = YES;
				GCC_C_LANGUAGE_STANDARD = gnu11;
				GCC_NO_COMMON_BLOCKS = YES;
				GCC_WARN_64_TO_32_BIT_CONVERSION = YES;
				GCC_WARN_ABOUT_RETURN_TYPE = YES_ERROR;
				GCC_WARN_UNDECLARED_SELECTOR = YES;
				GCC_WARN_UNINITIALIZED_AUTOS = YES_AGGRESSIVE;
				GCC_WARN_UNUSED_FUNCTION = YES;
				GCC_WARN_UNUSED_VARIABLE = YES;
				IPHONEOS_DEPLOYMENT_TARGET = 15.2;
				MTL_ENABLE_DEBUG_INFO = NO;
				MTL_FAST_MATH = YES;
				SDKROOT = iphoneos;
				SWIFT_COMPILATION_MODE = wholemodule;
				SWIFT_OPTIMIZATION_LEVEL = "-O";
				VALIDATE_PRODUCT = YES;
			};
			name = Release;
		};
		B275DF0B279A0A0000658D21 /* Debug */ = {
			isa = XCBuildConfiguration;
			buildSettings = {
				ASSETCATALOG_COMPILER_APPICON_NAME = AppIcon;
				ASSETCATALOG_COMPILER_GLOBAL_ACCENT_COLOR_NAME = AccentColor;
				CODE_SIGN_STYLE = Automatic;
				CURRENT_PROJECT_VERSION = 1;
				DEVELOPMENT_ASSET_PATHS = "\"Pinch App/Preview Content\"";
				DEVELOPMENT_TEAM = UCVZ5TKU4C;
				ENABLE_PREVIEWS = YES;
				GENERATE_INFOPLIST_FILE = YES;
				INFOPLIST_KEY_UIApplicationSceneManifest_Generation = YES;
				INFOPLIST_KEY_UIApplicationSupportsIndirectInputEvents = YES;
				INFOPLIST_KEY_UILaunchScreen_Generation = YES;
				INFOPLIST_KEY_UISupportedInterfaceOrientations = UIInterfaceOrientationPortrait;
				INFOPLIST_KEY_UISupportedInterfaceOrientations_iPad = "UIInterfaceOrientationPortrait UIInterfaceOrientationPortraitUpsideDown UIInterfaceOrientationLandscapeLeft UIInterfaceOrientationLandscapeRight";
				INFOPLIST_KEY_UISupportedInterfaceOrientations_iPhone = UIInterfaceOrientationPortrait;
				LD_RUNPATH_SEARCH_PATHS = (
					"$(inherited)",
					"@executable_path/Frameworks",
				);
				MARKETING_VERSION = 1.0;
				PRODUCT_BUNDLE_IDENTIFIER = "com.armanakash45.Pinch-App";
				PRODUCT_NAME = "$(TARGET_NAME)";
				SWIFT_EMIT_LOC_STRINGS = YES;
				SWIFT_VERSION = 5.0;
				TARGETED_DEVICE_FAMILY = "1,2";
			};
			name = Debug;
		};
		B275DF0C279A0A0000658D21 /* Release */ = {
			isa = XCBuildConfiguration;
			buildSettings = {
				ASSETCATALOG_COMPILER_APPICON_NAME = AppIcon;
				ASSETCATALOG_COMPILER_GLOBAL_ACCENT_COLOR_NAME = AccentColor;
				CODE_SIGN_STYLE = Automatic;
				CURRENT_PROJECT_VERSION = 1;
				DEVELOPMENT_ASSET_PATHS = "\"Pinch App/Preview Content\"";
				DEVELOPMENT_TEAM = UCVZ5TKU4C;
				ENABLE_PREVIEWS = YES;
				GENERATE_INFOPLIST_FILE = YES;
				INFOPLIST_KEY_UIApplicationSceneManifest_Generation = YES;
				INFOPLIST_KEY_UIApplicationSupportsIndirectInputEvents = YES;
				INFOPLIST_KEY_UILaunchScreen_Generation = YES;
				INFOPLIST_KEY_UISupportedInterfaceOrientations = UIInterfaceOrientationPortrait;
				INFOPLIST_KEY_UISupportedInterfaceOrientations_iPad = "UIInterfaceOrientationPortrait UIInterfaceOrientationPortraitUpsideDown UIInterfaceOrientationLandscapeLeft UIInterfaceOrientationLandscapeRight";
				INFOPLIST_KEY_UISupportedInterfaceOrientations_iPhone = UIInterfaceOrientationPortrait;
				LD_RUNPATH_SEARCH_PATHS = (
					"$(inherited)",
					"@executable_path/Frameworks",
				);
				MARKETING_VERSION = 1.0;
				PRODUCT_BUNDLE_IDENTIFIER = "com.armanakash45.Pinch-App";
				PRODUCT_NAME = "$(TARGET_NAME)";
				SWIFT_EMIT_LOC_STRINGS = YES;
				SWIFT_VERSION = 5.0;
				TARGETED_DEVICE_FAMILY = "1,2";
			};
			name = Release;
		};
/* End XCBuildConfiguration section */

/* Begin XCConfigurationList section */
		B275DEF7279A09FD00658D21 /* Build configuration list for PBXProject "Pinch App" */ = {
			isa = XCConfigurationList;
			buildConfigurations = (
				B275DF08279A0A0000658D21 /* Debug */,
				B275DF09279A0A0000658D21 /* Release */,
			);
			defaultConfigurationIsVisible = 0;
			defaultConfigurationName = Release;
		};
		B275DF0A279A0A0000658D21 /* Build configuration list for PBXNativeTarget "Pinch App" */ = {
			isa = XCConfigurationList;
			buildConfigurations = (
				B275DF0B279A0A0000658D21 /* Debug */,
				B275DF0C279A0A0000658D21 /* Release */,
			);
			defaultConfigurationIsVisible = 0;
			defaultConfigurationName = Release;
		};
/* End XCConfigurationList section */
	};
	rootObject = B275DEF4279A09FD00658D21 /* Project object */;
}
